
Microsoft Visual Studio Solution File, Format Version 12.00
# Visual Studio Version 17
VisualStudioVersion = 17.7.34202.233
MinimumVisualStudioVersion = 10.0.40219.1
Project("{FAE04EC0-301F-11D3-BF4B-00C04F79EFBC}") = "MovieTutorial.Web", "MovieTutorial.Web\MovieTutorial.Web.csproj", "{A4A4C524-6DA5-4906-9B85-718CE4D0C6FA}"
EndProject
Global
	GlobalSection(SolutionConfigurationPlatforms) = preSolution
		Debug|Any CPU = Debug|Any CPU
		Release|Any CPU = Release|Any CPU
	EndGlobalSection
	GlobalSection(ProjectConfigurationPlatforms) = postSolution
		{A4A4C524-6DA5-4906-9B85-718CE4D0C6FA}.Debug|Any CPU.ActiveCfg = Debug|Any CPU
		{A4A4C524-6DA5-4906-9B85-718CE4D0C6FA}.Debug|Any CPU.Build.0 = Debug|Any CPU
		{A4A4C524-6DA5-4906-9B85-718CE4D0C6FA}.Release|Any CPU.ActiveCfg = Release|Any CPU
		{A4A4C524-6DA5-4906-9B85-718CE4D0C6FA}.Release|Any CPU.Build.0 = Release|Any CPU
	EndGlobalSection
	GlobalSection(SolutionProperties) = preSolution
		HideSolutionNode = FALSE
	EndGlobalSection
	GlobalSection(ExtensibilityGlobals) = postSolution
		SolutionGuid = {3EC2BA81-8719-483F-9126-5B141AC31D10}
	EndGlobalSection
EndGlobal
